
Microsoft Visual Studio Solution File, Format Version 12.00
# Visual Studio Version 17
VisualStudioVersion = 17.0.31912.275
MinimumVisualStudioVersion = 10.0.40219.1
Project("{9A19103F-16F7-4668-BE54-9A1E7A4F7556}") = "WebClient", "WebClient\WebClient.csproj", "{F74D989A-7DD3-4DAC-AFC6-2A3AF7275EA9}"
EndProject
Project("{9A19103F-16F7-4668-BE54-9A1E7A4F7556}") = "Entities", "Entities\Entities.csproj", "{626C2EFF-87A1-45C4-B84B-F5C04F103BEA}"
EndProject
Project("{9A19103F-16F7-4668-BE54-9A1E7A4F7556}") = "WebAPI_2", "WebAPI_2\WebAPI_2.csproj", "{8CB98CDA-F14A-4896-96B9-A60E214613A3}"
EndProject
Project("{FAE04EC0-301F-11D3-BF4B-00C04F79EFBC}") = "WebAPI", "WebAPI\WebAPI.csproj", "{9E30E1D6-95CF-4AD6-896F-82D7E381FDCA}"
EndProject
Global
	GlobalSection(SolutionConfigurationPlatforms) = preSolution
		Debug|Any CPU = Debug|Any CPU
		Release|Any CPU = Release|Any CPU
	EndGlobalSection
	GlobalSection(ProjectConfigurationPlatforms) = postSolution
		{F74D989A-7DD3-4DAC-AFC6-2A3AF7275EA9}.Debug|Any CPU.ActiveCfg = Debug|Any CPU
		{F74D989A-7DD3-4DAC-AFC6-2A3AF7275EA9}.Debug|Any CPU.Build.0 = Debug|Any CPU
		{F74D989A-7DD3-4DAC-AFC6-2A3AF7275EA9}.Release|Any CPU.ActiveCfg = Release|Any CPU
		{F74D989A-7DD3-4DAC-AFC6-2A3AF7275EA9}.Release|Any CPU.Build.0 = Release|Any CPU
		{626C2EFF-87A1-45C4-B84B-F5C04F103BEA}.Debug|Any CPU.ActiveCfg = Debug|Any CPU
		{626C2EFF-87A1-45C4-B84B-F5C04F103BEA}.Debug|Any CPU.Build.0 = Debug|Any CPU
		{626C2EFF-87A1-45C4-B84B-F5C04F103BEA}.Release|Any CPU.ActiveCfg = Release|Any CPU
		{626C2EFF-87A1-45C4-B84B-F5C04F103BEA}.Release|Any CPU.Build.0 = Release|Any CPU
		{8CB98CDA-F14A-4896-96B9-A60E214613A3}.Debug|Any CPU.ActiveCfg = Debug|Any CPU
		{8CB98CDA-F14A-4896-96B9-A60E214613A3}.Debug|Any CPU.Build.0 = Debug|Any CPU
		{8CB98CDA-F14A-4896-96B9-A60E214613A3}.Release|Any CPU.ActiveCfg = Release|Any CPU
		{8CB98CDA-F14A-4896-96B9-A60E214613A3}.Release|Any CPU.Build.0 = Release|Any CPU
		{9E30E1D6-95CF-4AD6-896F-82D7E381FDCA}.Debug|Any CPU.ActiveCfg = Debug|Any CPU
		{9E30E1D6-95CF-4AD6-896F-82D7E381FDCA}.Debug|Any CPU.Build.0 = Debug|Any CPU
		{9E30E1D6-95CF-4AD6-896F-82D7E381FDCA}.Release|Any CPU.ActiveCfg = Release|Any CPU
		{9E30E1D6-95CF-4AD6-896F-82D7E381FDCA}.Release|Any CPU.Build.0 = Release|Any CPU
	EndGlobalSection
	GlobalSection(SolutionProperties) = preSolution
		HideSolutionNode = FALSE
	EndGlobalSection
	GlobalSection(ExtensibilityGlobals) = postSolution
		SolutionGuid = {1FD5F158-0E17-41D6-AD7E-C1E03621ECD8}
	EndGlobalSection
EndGlobal
